
Microsoft Visual Studio Solution File, Format Version 12.00
# Visual Studio 2013
VisualStudioVersion = 12.0.31101.0
MinimumVisualStudioVersion = 10.0.40219.1
Project("{2150E333-8FDC-42A3-9474-1A3956D46DE8}") = "Source", "Source", "{F585CCA4-0ED5-4C82-BB82-8831AE99E2E4}"
EndProject
Project("{2150E333-8FDC-42A3-9474-1A3956D46DE8}") = "Solution Items", "Solution Items", "{4B355DE2-E1B3-49AE-9D92-ACF5D6CA1567}"
	ProjectSection(SolutionItems) = preProject
		ASA.Framework.vsmdi = ASA.Framework.vsmdi
		localtestrun.testrunconfig = localtestrun.testrunconfig
	EndProjectSection
EndProject
Project("{FAE04EC0-301F-11D3-BF4B-00C04F79EFBC}") = "ASA.Common", "ASA.Common\ASA.Common.csproj", "{ACB7412B-4CCA-4F8C-B127-BAA520EF349B}"
EndProject
Project("{FAE04EC0-301F-11D3-BF4B-00C04F79EFBC}") = "ASA.DataAccess", "ASA.DataAccess\ASA.DataAccess.csproj", "{9F4BAA6D-DB39-4690-8379-B0468AD4B84D}"
EndProject
Project("{FAE04EC0-301F-11D3-BF4B-00C04F79EFBC}") = "ASA.Log.ServiceLogger", "ASA.Log.ServiceLogger\ASA.Log.ServiceLogger.csproj", "{C412B637-6E0F-4DA8-A1F4-36E3F1FACF01}"
EndProject
Project("{FAE04EC0-301F-11D3-BF4B-00C04F79EFBC}") = "ASA.TID", "ASA.TID\ASA.TID.csproj", "{16000723-92A3-40B5-9789-5405F1FBC83C}"
EndProject
Global
	GlobalSection(SolutionConfigurationPlatforms) = preSolution
		Debug|Any CPU = Debug|Any CPU
		Release|Any CPU = Release|Any CPU
	EndGlobalSection
	GlobalSection(ProjectConfigurationPlatforms) = postSolution
		{ACB7412B-4CCA-4F8C-B127-BAA520EF349B}.Debug|Any CPU.ActiveCfg = Debug|Any CPU
		{ACB7412B-4CCA-4F8C-B127-BAA520EF349B}.Release|Any CPU.ActiveCfg = Release|Any CPU
		{9F4BAA6D-DB39-4690-8379-B0468AD4B84D}.Debug|Any CPU.ActiveCfg = Debug|Any CPU
		{9F4BAA6D-DB39-4690-8379-B0468AD4B84D}.Release|Any CPU.ActiveCfg = Release|Any CPU
		{C412B637-6E0F-4DA8-A1F4-36E3F1FACF01}.Debug|Any CPU.ActiveCfg = Debug|Any CPU
		{C412B637-6E0F-4DA8-A1F4-36E3F1FACF01}.Debug|Any CPU.Build.0 = Debug|Any CPU
		{C412B637-6E0F-4DA8-A1F4-36E3F1FACF01}.Release|Any CPU.ActiveCfg = Release|Any CPU
		{C412B637-6E0F-4DA8-A1F4-36E3F1FACF01}.Release|Any CPU.Build.0 = Release|Any CPU
		{16000723-92A3-40B5-9789-5405F1FBC83C}.Debug|Any CPU.ActiveCfg = Debug|Any CPU
		{16000723-92A3-40B5-9789-5405F1FBC83C}.Release|Any CPU.ActiveCfg = Release|Any CPU
	EndGlobalSection
	GlobalSection(SolutionProperties) = preSolution
		HideSolutionNode = FALSE
	EndGlobalSection
	GlobalSection(NestedProjects) = preSolution
		{ACB7412B-4CCA-4F8C-B127-BAA520EF349B} = {F585CCA4-0ED5-4C82-BB82-8831AE99E2E4}
		{9F4BAA6D-DB39-4690-8379-B0468AD4B84D} = {F585CCA4-0ED5-4C82-BB82-8831AE99E2E4}
		{C412B637-6E0F-4DA8-A1F4-36E3F1FACF01} = {F585CCA4-0ED5-4C82-BB82-8831AE99E2E4}
		{16000723-92A3-40B5-9789-5405F1FBC83C} = {F585CCA4-0ED5-4C82-BB82-8831AE99E2E4}
	EndGlobalSection
	GlobalSection(TestCaseManagementSettings) = postSolution
		CategoryFile = ASA.Framework.vsmdi
	EndGlobalSection
EndGlobal
