Microsoft Visual Studio Solution File, Format Version 12.00
# Visual Studio 2013
VisualStudioVersion = 12.0.31101.0
MinimumVisualStudioVersion = 10.0.40219.1
Project("{2150E333-8FDC-42A3-9474-1A3956D46DE8}") = "Tests", "Tests", "{69985127-B69B-4751-B4ED-EE3081A539EE}"
EndProject
Project("{2150E333-8FDC-42A3-9474-1A3956D46DE8}") = "dependencies", "dependencies", "{2FA1DFBA-AAED-4588-9246-BA2BCAD413F3}"
EndProject
Project("{2150E333-8FDC-42A3-9474-1A3956D46DE8}") = "Solution Items", "Solution Items", "{61723CFF-7E1E-4F2D-AC87-617FF60D5E82}"
	ProjectSection(SolutionItems) = preProject
		ASA.Web.Sites.SALT.vsmdi = ASA.Web.Sites.SALT.vsmdi
		CodeCoverage.testsettings = CodeCoverage.testsettings
		Local.testsettings = Local.testsettings
		TraceAndTestImpact.testsettings = TraceAndTestImpact.testsettings
	EndProjectSection
EndProject
Project("{2150E333-8FDC-42A3-9474-1A3956D46DE8}") = "_Site", "_Site", "{049A209F-E686-42C8-9724-8E06BCDEF8E2}"
EndProject
Project("{2150E333-8FDC-42A3-9474-1A3956D46DE8}") = "asa.web.wtf", "asa.web.wtf", "{29239B1E-4EF2-41EE-9676-D0626C4698F4}"
EndProject
Project("{2150E333-8FDC-42A3-9474-1A3956D46DE8}") = "asa.web.services", "asa.web.services", "{98E76F39-6D64-4E06-BD8D-E202D84FE1A9}"
EndProject
Project("{2150E333-8FDC-42A3-9474-1A3956D46DE8}") = "asa.web", "asa.web", "{1FA83234-E76E-4B81-AAD9-E83D97B189A2}"
EndProject
Project("{FAE04EC0-301F-11D3-BF4B-00C04F79EFBC}") = "SALT", "SALT.csproj", "{52F64276-98DF-4232-A460-E33095B4E68B}"
EndProject
Project("{FAE04EC0-301F-11D3-BF4B-00C04F79EFBC}") = "ASA.Web.Collections", "..\..\Collections\ASA.Web.Collections.csproj", "{1C130373-1360-4D29-B924-2C465E00C4C0}"
EndProject
Project("{FAE04EC0-301F-11D3-BF4B-00C04F79EFBC}") = "ASA.Web.WTF", "..\..\WTF\_root\ASA.Web.WTF.csproj", "{DC669184-0A6D-4EF7-B225-07A4F5C841A9}"
EndProject
Project("{FAE04EC0-301F-11D3-BF4B-00C04F79EFBC}") = "ASA.Web.WTF.Integration", "..\..\WTF\Integration\ASA.Web.WTF.Integration.csproj", "{B63E76A8-E705-4A19-95AC-4E30AAF289BA}"
EndProject
Project("{FAE04EC0-301F-11D3-BF4B-00C04F79EFBC}") = "ASA.Web.Common", "..\..\Common\ASA.Web.Common.csproj", "{78A826B1-E5DB-4E4C-ACB9-2039272EFE9B}"
EndProject
Project("{FAE04EC0-301F-11D3-BF4B-00C04F79EFBC}") = "ASA.Web.Services.ASAMemberService", "..\..\..\..\SOA\Web\SAL\SALServices\Membership\Source\ASA.Web.Services.ASAMemberService\ASA.Web.Services.ASAMemberService.csproj", "{4B9960C0-CA04-46CF-9DEA-55F9FE8C4F02}"
EndProject
Project("{FAE04EC0-301F-11D3-BF4B-00C04F79EFBC}") = "ASA.Web.Services.Common", "..\..\..\..\SOA\Web\SAL\Common\Source\ASA.Web.Services.Common\ASA.Web.Services.Common.csproj", "{C3BED31D-9AFF-4FDE-A672-3806F28596FE}"
EndProject
Project("{FAE04EC0-301F-11D3-BF4B-00C04F79EFBC}") = "ASA.Web.Services.AlertService", "..\..\..\..\SOA\Web\SAL\SALServices\Alert\Source\ASA.Web.Services.AlertService\ASA.Web.Services.AlertService.csproj", "{3ADCD915-DD9C-479B-8709-76D89F9D35A9}"
EndProject
Project("{FAE04EC0-301F-11D3-BF4B-00C04F79EFBC}") = "ASA.Web.Services.SearchService", "..\..\..\..\SOA\Web\SAL\SALServices\Search\Source\ASA.Web.Services.SearchService\ASA.Web.Services.SearchService.csproj", "{F8DDB7C7-3067-4196-A9D9-93B743728F21}"
	ProjectSection(ProjectDependencies) = postProject
		{4B9960C0-CA04-46CF-9DEA-55F9FE8C4F02} = {4B9960C0-CA04-46CF-9DEA-55F9FE8C4F02}
	EndProjectSection
EndProject
Project("{FAE04EC0-301F-11D3-BF4B-00C04F79EFBC}") = "SALT.SiteCore", "..\SALT.SiteCore\SALT.SiteCore.csproj", "{4C389C0F-4084-4EF8-81CC-F7DDDB59A6A8}"
EndProject
Project("{FAE04EC0-301F-11D3-BF4B-00C04F79EFBC}") = "ASA.Web.Services.ReminderService", "..\..\..\..\SOA\Web\SAL\SALServices\Reminder\Source\ASA.Web.Services.ReminderService\ASA.Web.Services.ReminderService.csproj", "{B4496DE0-C9C4-41E7-967B-040907806F1D}"
EndProject
Project("{FAE04EC0-301F-11D3-BF4B-00C04F79EFBC}") = "UnitTests", "UnitTestsValidations\UnitTests.csproj", "{69F75283-0EEC-410F-B9E6-1F43BFF7468B}"
EndProject
Project("{FAE04EC0-301F-11D3-BF4B-00C04F79EFBC}") = "ASA.Web.Services.Proxies", "..\..\..\..\SOA\Web\SAL\Common\Source\ASA.Web.Services.Proxies\ASA.Web.Services.Proxies.csproj", "{AE7B93ED-B4D2-456D-B8E3-4A0984B77461}"
EndProject
Project("{FAE04EC0-301F-11D3-BF4B-00C04F79EFBC}") = "Common.Types", "..\..\..\..\SOA\Web\SALTService\Common.Types\Common.Types.csproj", "{55C6DF8C-5C3E-46D0-9011-A4DC75C6B553}"
EndProject
Project("{FAE04EC0-301F-11D3-BF4B-00C04F79EFBC}") = "DirectoryServicesWrapper", "..\..\DirectoryServicesWrapper\DirectoryServicesWrapper.csproj", "{665C1628-CEB8-4932-8D48-51BDC85425A8}"
EndProject
Project("{FAE04EC0-301F-11D3-BF4B-00C04F79EFBC}") = "ASA.Web.Services.ContentService", "..\..\..\..\SOA\Web\SAL\SALServices\ContentService\ASA.Web.Services.ContentService.csproj", "{DE4F151B-55E3-4243-8C26-82FB7000183B}"
EndProject
Global
	GlobalSection(SolutionConfigurationPlatforms) = preSolution
		Debug|Any CPU = Debug|Any CPU
		Debug|x64 = Debug|x64
		Debug|x86 = Debug|x86
		Release|Any CPU = Release|Any CPU
		Release|x64 = Release|x64
		Release|x86 = Release|x86
	EndGlobalSection
	GlobalSection(ProjectConfigurationPlatforms) = postSolution
		{52F64276-98DF-4232-A460-E33095B4E68B}.Debug|Any CPU.ActiveCfg = Debug|Any CPU
		{52F64276-98DF-4232-A460-E33095B4E68B}.Debug|Any CPU.Build.0 = Debug|Any CPU
		{52F64276-98DF-4232-A460-E33095B4E68B}.Debug|x64.ActiveCfg = Debug|Any CPU
		{52F64276-98DF-4232-A460-E33095B4E68B}.Debug|x86.ActiveCfg = Debug|Any CPU
		{52F64276-98DF-4232-A460-E33095B4E68B}.Release|Any CPU.ActiveCfg = Release|Any CPU
		{52F64276-98DF-4232-A460-E33095B4E68B}.Release|Any CPU.Build.0 = Release|Any CPU
		{52F64276-98DF-4232-A460-E33095B4E68B}.Release|x64.ActiveCfg = Release|Any CPU
		{52F64276-98DF-4232-A460-E33095B4E68B}.Release|x86.ActiveCfg = Release|Any CPU
		{1C130373-1360-4D29-B924-2C465E00C4C0}.Debug|Any CPU.ActiveCfg = Debug|Any CPU
		{1C130373-1360-4D29-B924-2C465E00C4C0}.Debug|Any CPU.Build.0 = Debug|Any CPU
		{1C130373-1360-4D29-B924-2C465E00C4C0}.Debug|x64.ActiveCfg = Debug|Any CPU
		{1C130373-1360-4D29-B924-2C465E00C4C0}.Debug|x86.ActiveCfg = Debug|Any CPU
		{1C130373-1360-4D29-B924-2C465E00C4C0}.Release|Any CPU.ActiveCfg = Release|Any CPU
		{1C130373-1360-4D29-B924-2C465E00C4C0}.Release|Any CPU.Build.0 = Release|Any CPU
		{1C130373-1360-4D29-B924-2C465E00C4C0}.Release|x64.ActiveCfg = Release|Any CPU
		{1C130373-1360-4D29-B924-2C465E00C4C0}.Release|x86.ActiveCfg = Release|Any CPU
		{DC669184-0A6D-4EF7-B225-07A4F5C841A9}.Debug|Any CPU.ActiveCfg = Debug|Any CPU
		{DC669184-0A6D-4EF7-B225-07A4F5C841A9}.Debug|Any CPU.Build.0 = Debug|Any CPU
		{DC669184-0A6D-4EF7-B225-07A4F5C841A9}.Debug|x64.ActiveCfg = Debug|Any CPU
		{DC669184-0A6D-4EF7-B225-07A4F5C841A9}.Debug|x86.ActiveCfg = Debug|Any CPU
		{DC669184-0A6D-4EF7-B225-07A4F5C841A9}.Release|Any CPU.ActiveCfg = Release|Any CPU
		{DC669184-0A6D-4EF7-B225-07A4F5C841A9}.Release|Any CPU.Build.0 = Release|Any CPU
		{DC669184-0A6D-4EF7-B225-07A4F5C841A9}.Release|x64.ActiveCfg = Release|Any CPU
		{DC669184-0A6D-4EF7-B225-07A4F5C841A9}.Release|x86.ActiveCfg = Release|Any CPU
		{B63E76A8-E705-4A19-95AC-4E30AAF289BA}.Debug|Any CPU.ActiveCfg = Debug|Any CPU
		{B63E76A8-E705-4A19-95AC-4E30AAF289BA}.Debug|Any CPU.Build.0 = Debug|Any CPU
		{B63E76A8-E705-4A19-95AC-4E30AAF289BA}.Debug|x64.ActiveCfg = Debug|Any CPU
		{B63E76A8-E705-4A19-95AC-4E30AAF289BA}.Debug|x86.ActiveCfg = Debug|Any CPU
		{B63E76A8-E705-4A19-95AC-4E30AAF289BA}.Release|Any CPU.ActiveCfg = Release|Any CPU
		{B63E76A8-E705-4A19-95AC-4E30AAF289BA}.Release|Any CPU.Build.0 = Release|Any CPU
		{B63E76A8-E705-4A19-95AC-4E30AAF289BA}.Release|x64.ActiveCfg = Release|Any CPU
		{B63E76A8-E705-4A19-95AC-4E30AAF289BA}.Release|x86.ActiveCfg = Release|Any CPU
		{78A826B1-E5DB-4E4C-ACB9-2039272EFE9B}.Debug|Any CPU.ActiveCfg = Debug|Any CPU
		{78A826B1-E5DB-4E4C-ACB9-2039272EFE9B}.Debug|Any CPU.Build.0 = Debug|Any CPU
		{78A826B1-E5DB-4E4C-ACB9-2039272EFE9B}.Debug|x64.ActiveCfg = Debug|Any CPU
		{78A826B1-E5DB-4E4C-ACB9-2039272EFE9B}.Debug|x86.ActiveCfg = Debug|Any CPU
		{78A826B1-E5DB-4E4C-ACB9-2039272EFE9B}.Release|Any CPU.ActiveCfg = Release|Any CPU
		{78A826B1-E5DB-4E4C-ACB9-2039272EFE9B}.Release|Any CPU.Build.0 = Release|Any CPU
		{78A826B1-E5DB-4E4C-ACB9-2039272EFE9B}.Release|x64.ActiveCfg = Release|Any CPU
		{78A826B1-E5DB-4E4C-ACB9-2039272EFE9B}.Release|x86.ActiveCfg = Release|Any CPU
		{4B9960C0-CA04-46CF-9DEA-55F9FE8C4F02}.Debug|Any CPU.ActiveCfg = Debug|Any CPU
		{4B9960C0-CA04-46CF-9DEA-55F9FE8C4F02}.Debug|Any CPU.Build.0 = Debug|Any CPU
		{4B9960C0-CA04-46CF-9DEA-55F9FE8C4F02}.Debug|x64.ActiveCfg = Debug|Any CPU
		{4B9960C0-CA04-46CF-9DEA-55F9FE8C4F02}.Debug|x86.ActiveCfg = Debug|Any CPU
		{4B9960C0-CA04-46CF-9DEA-55F9FE8C4F02}.Release|Any CPU.ActiveCfg = Release|Any CPU
		{4B9960C0-CA04-46CF-9DEA-55F9FE8C4F02}.Release|Any CPU.Build.0 = Release|Any CPU
		{4B9960C0-CA04-46CF-9DEA-55F9FE8C4F02}.Release|x64.ActiveCfg = Release|Any CPU
		{4B9960C0-CA04-46CF-9DEA-55F9FE8C4F02}.Release|x86.ActiveCfg = Release|Any CPU
		{C3BED31D-9AFF-4FDE-A672-3806F28596FE}.Debug|Any CPU.ActiveCfg = Debug|Any CPU
		{C3BED31D-9AFF-4FDE-A672-3806F28596FE}.Debug|Any CPU.Build.0 = Debug|Any CPU
		{C3BED31D-9AFF-4FDE-A672-3806F28596FE}.Debug|x64.ActiveCfg = Debug|Any CPU
		{C3BED31D-9AFF-4FDE-A672-3806F28596FE}.Debug|x86.ActiveCfg = Debug|Any CPU
		{C3BED31D-9AFF-4FDE-A672-3806F28596FE}.Release|Any CPU.ActiveCfg = Release|Any CPU
		{C3BED31D-9AFF-4FDE-A672-3806F28596FE}.Release|Any CPU.Build.0 = Release|Any CPU
		{C3BED31D-9AFF-4FDE-A672-3806F28596FE}.Release|x64.ActiveCfg = Release|Any CPU
		{C3BED31D-9AFF-4FDE-A672-3806F28596FE}.Release|x86.ActiveCfg = Release|Any CPU
		{3ADCD915-DD9C-479B-8709-76D89F9D35A9}.Debug|Any CPU.ActiveCfg = Debug|Any CPU
		{3ADCD915-DD9C-479B-8709-76D89F9D35A9}.Debug|Any CPU.Build.0 = Debug|Any CPU
		{3ADCD915-DD9C-479B-8709-76D89F9D35A9}.Debug|x64.ActiveCfg = Debug|Any CPU
		{3ADCD915-DD9C-479B-8709-76D89F9D35A9}.Debug|x86.ActiveCfg = Debug|Any CPU
		{3ADCD915-DD9C-479B-8709-76D89F9D35A9}.Release|Any CPU.ActiveCfg = Release|Any CPU
		{3ADCD915-DD9C-479B-8709-76D89F9D35A9}.Release|Any CPU.Build.0 = Release|Any CPU
		{3ADCD915-DD9C-479B-8709-76D89F9D35A9}.Release|x64.ActiveCfg = Release|Any CPU
		{3ADCD915-DD9C-479B-8709-76D89F9D35A9}.Release|x86.ActiveCfg = Release|Any CPU
		{F8DDB7C7-3067-4196-A9D9-93B743728F21}.Debug|Any CPU.ActiveCfg = Debug|Any CPU
		{F8DDB7C7-3067-4196-A9D9-93B743728F21}.Debug|Any CPU.Build.0 = Debug|Any CPU
		{F8DDB7C7-3067-4196-A9D9-93B743728F21}.Debug|x64.ActiveCfg = Debug|Any CPU
		{F8DDB7C7-3067-4196-A9D9-93B743728F21}.Debug|x86.ActiveCfg = Debug|Any CPU
		{F8DDB7C7-3067-4196-A9D9-93B743728F21}.Release|Any CPU.ActiveCfg = Release|Any CPU
		{F8DDB7C7-3067-4196-A9D9-93B743728F21}.Release|Any CPU.Build.0 = Release|Any CPU
		{F8DDB7C7-3067-4196-A9D9-93B743728F21}.Release|x64.ActiveCfg = Release|Any CPU
		{F8DDB7C7-3067-4196-A9D9-93B743728F21}.Release|x86.ActiveCfg = Release|Any CPU
		{4C389C0F-4084-4EF8-81CC-F7DDDB59A6A8}.Debug|Any CPU.ActiveCfg = Debug|Any CPU
		{4C389C0F-4084-4EF8-81CC-F7DDDB59A6A8}.Debug|Any CPU.Build.0 = Debug|Any CPU
		{4C389C0F-4084-4EF8-81CC-F7DDDB59A6A8}.Debug|x64.ActiveCfg = Debug|Any CPU
		{4C389C0F-4084-4EF8-81CC-F7DDDB59A6A8}.Debug|x86.ActiveCfg = Debug|Any CPU
		{4C389C0F-4084-4EF8-81CC-F7DDDB59A6A8}.Release|Any CPU.ActiveCfg = Release|Any CPU
		{4C389C0F-4084-4EF8-81CC-F7DDDB59A6A8}.Release|Any CPU.Build.0 = Release|Any CPU
		{4C389C0F-4084-4EF8-81CC-F7DDDB59A6A8}.Release|x64.ActiveCfg = Release|Any CPU
		{4C389C0F-4084-4EF8-81CC-F7DDDB59A6A8}.Release|x86.ActiveCfg = Release|Any CPU
		{B4496DE0-C9C4-41E7-967B-040907806F1D}.Debug|Any CPU.ActiveCfg = Debug|Any CPU
		{B4496DE0-C9C4-41E7-967B-040907806F1D}.Debug|Any CPU.Build.0 = Debug|Any CPU
		{B4496DE0-C9C4-41E7-967B-040907806F1D}.Debug|x64.ActiveCfg = Debug|Any CPU
		{B4496DE0-C9C4-41E7-967B-040907806F1D}.Debug|x86.ActiveCfg = Debug|Any CPU
		{B4496DE0-C9C4-41E7-967B-040907806F1D}.Release|Any CPU.ActiveCfg = Release|Any CPU
		{B4496DE0-C9C4-41E7-967B-040907806F1D}.Release|Any CPU.Build.0 = Release|Any CPU
		{B4496DE0-C9C4-41E7-967B-040907806F1D}.Release|x64.ActiveCfg = Release|Any CPU
		{B4496DE0-C9C4-41E7-967B-040907806F1D}.Release|x86.ActiveCfg = Release|Any CPU
		{69F75283-0EEC-410F-B9E6-1F43BFF7468B}.Debug|Any CPU.ActiveCfg = Debug|Any CPU
		{69F75283-0EEC-410F-B9E6-1F43BFF7468B}.Debug|Any CPU.Build.0 = Debug|Any CPU
		{69F75283-0EEC-410F-B9E6-1F43BFF7468B}.Debug|x64.ActiveCfg = Debug|Any CPU
		{69F75283-0EEC-410F-B9E6-1F43BFF7468B}.Debug|x86.ActiveCfg = Debug|Any CPU
		{69F75283-0EEC-410F-B9E6-1F43BFF7468B}.Release|Any CPU.ActiveCfg = Release|Any CPU
		{69F75283-0EEC-410F-B9E6-1F43BFF7468B}.Release|Any CPU.Build.0 = Release|Any CPU
		{69F75283-0EEC-410F-B9E6-1F43BFF7468B}.Release|x64.ActiveCfg = Release|Any CPU
		{69F75283-0EEC-410F-B9E6-1F43BFF7468B}.Release|x86.ActiveCfg = Release|Any CPU
		{AE7B93ED-B4D2-456D-B8E3-4A0984B77461}.Debug|Any CPU.ActiveCfg = Debug|Any CPU
		{AE7B93ED-B4D2-456D-B8E3-4A0984B77461}.Debug|Any CPU.Build.0 = Debug|Any CPU
		{AE7B93ED-B4D2-456D-B8E3-4A0984B77461}.Debug|x64.ActiveCfg = Debug|Any CPU
		{AE7B93ED-B4D2-456D-B8E3-4A0984B77461}.Debug|x86.ActiveCfg = Debug|Any CPU
		{AE7B93ED-B4D2-456D-B8E3-4A0984B77461}.Release|Any CPU.ActiveCfg = Release|Any CPU
		{AE7B93ED-B4D2-456D-B8E3-4A0984B77461}.Release|Any CPU.Build.0 = Release|Any CPU
		{AE7B93ED-B4D2-456D-B8E3-4A0984B77461}.Release|x64.ActiveCfg = Release|Any CPU
		{AE7B93ED-B4D2-456D-B8E3-4A0984B77461}.Release|x86.ActiveCfg = Release|Any CPU
		{55C6DF8C-5C3E-46D0-9011-A4DC75C6B553}.Debug|Any CPU.ActiveCfg = Debug|Any CPU
		{55C6DF8C-5C3E-46D0-9011-A4DC75C6B553}.Debug|Any CPU.Build.0 = Debug|Any CPU
		{55C6DF8C-5C3E-46D0-9011-A4DC75C6B553}.Debug|x64.ActiveCfg = Debug|Any CPU
		{55C6DF8C-5C3E-46D0-9011-A4DC75C6B553}.Debug|x86.ActiveCfg = Debug|Any CPU
		{55C6DF8C-5C3E-46D0-9011-A4DC75C6B553}.Release|Any CPU.ActiveCfg = Release|Any CPU
		{55C6DF8C-5C3E-46D0-9011-A4DC75C6B553}.Release|Any CPU.Build.0 = Release|Any CPU
		{55C6DF8C-5C3E-46D0-9011-A4DC75C6B553}.Release|x64.ActiveCfg = Release|Any CPU
		{55C6DF8C-5C3E-46D0-9011-A4DC75C6B553}.Release|x86.ActiveCfg = Release|Any CPU
		{665C1628-CEB8-4932-8D48-51BDC85425A8}.Debug|Any CPU.ActiveCfg = Debug|Any CPU
		{665C1628-CEB8-4932-8D48-51BDC85425A8}.Debug|Any CPU.Build.0 = Debug|Any CPU
		{665C1628-CEB8-4932-8D48-51BDC85425A8}.Debug|x64.ActiveCfg = Debug|Any CPU
		{665C1628-CEB8-4932-8D48-51BDC85425A8}.Debug|x86.ActiveCfg = Debug|Any CPU
		{665C1628-CEB8-4932-8D48-51BDC85425A8}.Release|Any CPU.ActiveCfg = Release|Any CPU
		{665C1628-CEB8-4932-8D48-51BDC85425A8}.Release|Any CPU.Build.0 = Release|Any CPU
		{665C1628-CEB8-4932-8D48-51BDC85425A8}.Release|x64.ActiveCfg = Release|Any CPU
		{665C1628-CEB8-4932-8D48-51BDC85425A8}.Release|x86.ActiveCfg = Release|Any CPU
		{DE4F151B-55E3-4243-8C26-82FB7000183B}.Debug|Any CPU.ActiveCfg = Debug|Any CPU
		{DE4F151B-55E3-4243-8C26-82FB7000183B}.Debug|Any CPU.Build.0 = Debug|Any CPU
		{DE4F151B-55E3-4243-8C26-82FB7000183B}.Debug|x64.ActiveCfg = Debug|Any CPU
		{DE4F151B-55E3-4243-8C26-82FB7000183B}.Debug|x86.ActiveCfg = Debug|Any CPU
		{DE4F151B-55E3-4243-8C26-82FB7000183B}.Release|Any CPU.ActiveCfg = Release|Any CPU
		{DE4F151B-55E3-4243-8C26-82FB7000183B}.Release|Any CPU.Build.0 = Release|Any CPU
		{DE4F151B-55E3-4243-8C26-82FB7000183B}.Release|x64.ActiveCfg = Release|Any CPU
		{DE4F151B-55E3-4243-8C26-82FB7000183B}.Release|x86.ActiveCfg = Release|Any CPU
	EndGlobalSection
	GlobalSection(SolutionProperties) = preSolution
		HideSolutionNode = FALSE
	EndGlobalSection
	GlobalSection(NestedProjects) = preSolution
		{61723CFF-7E1E-4F2D-AC87-617FF60D5E82} = {69985127-B69B-4751-B4ED-EE3081A539EE}
		{29239B1E-4EF2-41EE-9676-D0626C4698F4} = {2FA1DFBA-AAED-4588-9246-BA2BCAD413F3}
		{98E76F39-6D64-4E06-BD8D-E202D84FE1A9} = {2FA1DFBA-AAED-4588-9246-BA2BCAD413F3}
		{DC669184-0A6D-4EF7-B225-07A4F5C841A9} = {29239B1E-4EF2-41EE-9676-D0626C4698F4}
		{B63E76A8-E705-4A19-95AC-4E30AAF289BA} = {29239B1E-4EF2-41EE-9676-D0626C4698F4}
		{78A826B1-E5DB-4E4C-ACB9-2039272EFE9B} = {1FA83234-E76E-4B81-AAD9-E83D97B189A2}
		{4B9960C0-CA04-46CF-9DEA-55F9FE8C4F02} = {98E76F39-6D64-4E06-BD8D-E202D84FE1A9}
		{C3BED31D-9AFF-4FDE-A672-3806F28596FE} = {98E76F39-6D64-4E06-BD8D-E202D84FE1A9}
		{3ADCD915-DD9C-479B-8709-76D89F9D35A9} = {98E76F39-6D64-4E06-BD8D-E202D84FE1A9}
		{F8DDB7C7-3067-4196-A9D9-93B743728F21} = {98E76F39-6D64-4E06-BD8D-E202D84FE1A9}
		{4C389C0F-4084-4EF8-81CC-F7DDDB59A6A8} = {049A209F-E686-42C8-9724-8E06BCDEF8E2}
		{B4496DE0-C9C4-41E7-967B-040907806F1D} = {98E76F39-6D64-4E06-BD8D-E202D84FE1A9}
		{AE7B93ED-B4D2-456D-B8E3-4A0984B77461} = {98E76F39-6D64-4E06-BD8D-E202D84FE1A9}
		{55C6DF8C-5C3E-46D0-9011-A4DC75C6B553} = {1FA83234-E76E-4B81-AAD9-E83D97B189A2}
		{665C1628-CEB8-4932-8D48-51BDC85425A8} = {1FA83234-E76E-4B81-AAD9-E83D97B189A2}
		{DE4F151B-55E3-4243-8C26-82FB7000183B} = {98E76F39-6D64-4E06-BD8D-E202D84FE1A9}
	EndGlobalSection
EndGlobal
