
Microsoft Visual Studio Solution File, Format Version 11.00
# Visual Studio 2010
Project("{2150E333-8FDC-42A3-9474-1A3956D46DE8}") = "Source", "Source", "{91C7978F-446F-47C6-8B71-60C6A7921277}"
EndProject
Project("{FAE04EC0-301F-11D3-BF4B-00C04F79EFBC}") = "ADTool", "Source\ADTool.csproj", "{93FDE2FD-9C36-40A6-8DDA-77CE32826623}"
EndProject
Global
	GlobalSection(SolutionConfigurationPlatforms) = preSolution
		Debug|Any CPU = Debug|Any CPU
		Release|Any CPU = Release|Any CPU
	EndGlobalSection
	GlobalSection(ProjectConfigurationPlatforms) = postSolution
		{93FDE2FD-9C36-40A6-8DDA-77CE32826623}.Debug|Any CPU.ActiveCfg = Debug|Any CPU
		{93FDE2FD-9C36-40A6-8DDA-77CE32826623}.Debug|Any CPU.Build.0 = Debug|Any CPU
		{93FDE2FD-9C36-40A6-8DDA-77CE32826623}.Release|Any CPU.ActiveCfg = Release|Any CPU
		{93FDE2FD-9C36-40A6-8DDA-77CE32826623}.Release|Any CPU.Build.0 = Release|Any CPU
	EndGlobalSection
	GlobalSection(SolutionProperties) = preSolution
		HideSolutionNode = FALSE
	EndGlobalSection
	GlobalSection(NestedProjects) = preSolution
		{93FDE2FD-9C36-40A6-8DDA-77CE32826623} = {91C7978F-446F-47C6-8B71-60C6A7921277}
	EndGlobalSection
EndGlobal
